
Microsoft Visual Studio Solution File, Format Version 12.00
# Visual Studio Version 17
VisualStudioVersion = 17.7.34031.279
MinimumVisualStudioVersion = 10.0.40219.1
Project("{FAE04EC0-301F-11D3-BF4B-00C04F79EFBC}") = "VetVirtualWCF", "VetVirtualWCF\VetVirtualWCF.csproj", "{390AA1A2-0F01-4A5F-A034-303D12A149C8}"
EndProject
Project("{FAE04EC0-301F-11D3-BF4B-00C04F79EFBC}") = "DAL", "DAL\DAL.csproj", "{2B798E7A-10C0-4E50-89F7-9C1E86F79C10}"
EndProject
Project("{FAE04EC0-301F-11D3-BF4B-00C04F79EFBC}") = "APIVetvirtual", "APIVetvirtual\APIVetvirtual.csproj", "{998D4D16-C782-49C4-A7F2-0B295E6F3B9D}"
EndProject
Global
	GlobalSection(SolutionConfigurationPlatforms) = preSolution
		Debug|Any CPU = Debug|Any CPU
		Release|Any CPU = Release|Any CPU
	EndGlobalSection
	GlobalSection(ProjectConfigurationPlatforms) = postSolution
		{390AA1A2-0F01-4A5F-A034-303D12A149C8}.Debug|Any CPU.ActiveCfg = Debug|Any CPU
		{390AA1A2-0F01-4A5F-A034-303D12A149C8}.Debug|Any CPU.Build.0 = Debug|Any CPU
		{390AA1A2-0F01-4A5F-A034-303D12A149C8}.Release|Any CPU.ActiveCfg = Release|Any CPU
		{390AA1A2-0F01-4A5F-A034-303D12A149C8}.Release|Any CPU.Build.0 = Release|Any CPU
		{2B798E7A-10C0-4E50-89F7-9C1E86F79C10}.Debug|Any CPU.ActiveCfg = Debug|Any CPU
		{2B798E7A-10C0-4E50-89F7-9C1E86F79C10}.Debug|Any CPU.Build.0 = Debug|Any CPU
		{2B798E7A-10C0-4E50-89F7-9C1E86F79C10}.Release|Any CPU.ActiveCfg = Release|Any CPU
		{2B798E7A-10C0-4E50-89F7-9C1E86F79C10}.Release|Any CPU.Build.0 = Release|Any CPU
		{998D4D16-C782-49C4-A7F2-0B295E6F3B9D}.Debug|Any CPU.ActiveCfg = Debug|Any CPU
		{998D4D16-C782-49C4-A7F2-0B295E6F3B9D}.Debug|Any CPU.Build.0 = Debug|Any CPU
		{998D4D16-C782-49C4-A7F2-0B295E6F3B9D}.Release|Any CPU.ActiveCfg = Release|Any CPU
		{998D4D16-C782-49C4-A7F2-0B295E6F3B9D}.Release|Any CPU.Build.0 = Release|Any CPU
	EndGlobalSection
	GlobalSection(SolutionProperties) = preSolution
		HideSolutionNode = FALSE
	EndGlobalSection
	GlobalSection(ExtensibilityGlobals) = postSolution
		SolutionGuid = {92274115-4F2B-45E7-95C3-F316E3C83E32}
	EndGlobalSection
EndGlobal
